
Microsoft Visual Studio Solution File, Format Version 12.00
# Visual Studio Version 17
VisualStudioVersion = 17.0.31903.59
MinimumVisualStudioVersion = 10.0.40219.1
Project("{2150E333-8FDC-42A3-9474-1A3956D46DE8}") = "src", "src", "{E31C1D3D-A16F-462A-8321-FB9708AE60DE}"
EndProject
Project("{FAE04EC0-301F-11D3-BF4B-00C04F79EFBC}") = "RandSharp", "src\RandSharp.csproj", "{3F956DBA-FFF6-4F7A-998E-CDD4AA265A58}"
EndProject
Global
	GlobalSection(SolutionConfigurationPlatforms) = preSolution
		Debug|Any CPU = Debug|Any CPU
		Release|Any CPU = Release|Any CPU
	EndGlobalSection
	GlobalSection(SolutionProperties) = preSolution
		HideSolutionNode = FALSE
	EndGlobalSection
	GlobalSection(ProjectConfigurationPlatforms) = postSolution
		{3F956DBA-FFF6-4F7A-998E-CDD4AA265A58}.Debug|Any CPU.ActiveCfg = Debug|Any CPU
		{3F956DBA-FFF6-4F7A-998E-CDD4AA265A58}.Debug|Any CPU.Build.0 = Debug|Any CPU
		{3F956DBA-FFF6-4F7A-998E-CDD4AA265A58}.Release|Any CPU.ActiveCfg = Release|Any CPU
		{3F956DBA-FFF6-4F7A-998E-CDD4AA265A58}.Release|Any CPU.Build.0 = Release|Any CPU
	EndGlobalSection
EndGlobal
